// !$*UTF8*$!
{
	archiveVersion = 1;
	classes = {
	};
	objectVersion = 48;
	objects = {

/* Begin PBXBuildFile section */
		5E6D13206E4AF81592526415 /* Pods_iOSImprooAdmin.framework in Frameworks */ = {isa = PBXBuildFile; fileRef = 105C14A54D786495A4523578 /* Pods_iOSImprooAdmin.framework */; };
		6B05831E1FA7634E00204C62 /* MainViewController.swift in Sources */ = {isa = PBXBuildFile; fileRef = 6B05831D1FA7634E00204C62 /* MainViewController.swift */; };
		6B934B5A1FA229D400564818 /* ItemsTableViewManager.swift in Sources */ = {isa = PBXBuildFile; fileRef = 6B934B591FA229D400564818 /* ItemsTableViewManager.swift */; };
		6BED0CA71F9F54BC00FF9B2F /* AppDelegate.swift in Sources */ = {isa = PBXBuildFile; fileRef = 6BED0CA61F9F54BC00FF9B2F /* AppDelegate.swift */; };
		6BED0CA91F9F54BC00FF9B2F /* CreateEditViewController.swift in Sources */ = {isa = PBXBuildFile; fileRef = 6BED0CA81F9F54BC00FF9B2F /* CreateEditViewController.swift */; };
		6BED0CAC1F9F54BC00FF9B2F /* Main.storyboard in Resources */ = {isa = PBXBuildFile; fileRef = 6BED0CAA1F9F54BC00FF9B2F /* Main.storyboard */; };
		6BED0CAE1F9F54BC00FF9B2F /* Assets.xcassets in Resources */ = {isa = PBXBuildFile; fileRef = 6BED0CAD1F9F54BC00FF9B2F /* Assets.xcassets */; };
		6BED0CB11F9F54BD00FF9B2F /* LaunchScreen.storyboard in Resources */ = {isa = PBXBuildFile; fileRef = 6BED0CAF1F9F54BD00FF9B2F /* LaunchScreen.storyboard */; };
		6BED0CB91F9F552600FF9B2F /* GoogleService-Info.plist in Resources */ = {isa = PBXBuildFile; fileRef = 6BED0CB81F9F552500FF9B2F /* GoogleService-Info.plist */; };
		6BED0CBB1F9F7B1D00FF9B2F /* UIView+Border.swift in Sources */ = {isa = PBXBuildFile; fileRef = 6BED0CBA1F9F7B1D00FF9B2F /* UIView+Border.swift */; };
		6BED0CBE1F9F7F2A00FF9B2F /* StorageManager.swift in Sources */ = {isa = PBXBuildFile; fileRef = 6BED0CBC1F9F7F2800FF9B2F /* StorageManager.swift */; };
		6BED0CBF1F9F7F2A00FF9B2F /* FirestoreManager.swift in Sources */ = {isa = PBXBuildFile; fileRef = 6BED0CBD1F9F7F2900FF9B2F /* FirestoreManager.swift */; };
		6BED0CC11F9F7F8C00FF9B2F /* Section.swift in Sources */ = {isa = PBXBuildFile; fileRef = 6BED0CC01F9F7F8C00FF9B2F /* Section.swift */; };
		6BED0CC31F9F805C00FF9B2F /* ViewController+Alerts.swift in Sources */ = {isa = PBXBuildFile; fileRef = 6BED0CC21F9F805C00FF9B2F /* ViewController+Alerts.swift */; };
		6BED0CC51F9F8EC600FF9B2F /* Item.swift in Sources */ = {isa = PBXBuildFile; fileRef = 6BED0CC41F9F8EC600FF9B2F /* Item.swift */; };
/* End PBXBuildFile section */

/* Begin PBXFileReference section */
		105C14A54D786495A4523578 /* Pods_iOSImprooAdmin.framework */ = {isa = PBXFileReference; explicitFileType = wrapper.framework; includeInIndex = 0; path = Pods_iOSImprooAdmin.framework; sourceTree = BUILT_PRODUCTS_DIR; };
		5D5290BA95708A0780DD62AB /* Pods-iOSImprooAdmin.release.xcconfig */ = {isa = PBXFileReference; includeInIndex = 1; lastKnownFileType = text.xcconfig; name = "Pods-iOSImprooAdmin.release.xcconfig"; path = "Pods/Target Support Files/Pods-iOSImprooAdmin/Pods-iOSImprooAdmin.release.xcconfig"; sourceTree = "<group>"; };
		6B05831D1FA7634E00204C62 /* MainViewController.swift */ = {isa = PBXFileReference; lastKnownFileType = sourcecode.swift; path = MainViewController.swift; sourceTree = "<group>"; };
		6B934B591FA229D400564818 /* ItemsTableViewManager.swift */ = {isa = PBXFileReference; lastKnownFileType = sourcecode.swift; path = ItemsTableViewManager.swift; sourceTree = "<group>"; };
		6BED0CA31F9F54BC00FF9B2F /* iOSImprooAdmin.app */ = {isa = PBXFileReference; explicitFileType = wrapper.application; includeInIndex = 0; path = iOSImprooAdmin.app; sourceTree = BUILT_PRODUCTS_DIR; };
		6BED0CA61F9F54BC00FF9B2F /* AppDelegate.swift */ = {isa = PBXFileReference; lastKnownFileType = sourcecode.swift; path = AppDelegate.swift; sourceTree = "<group>"; };
		6BED0CA81F9F54BC00FF9B2F /* CreateEditViewController.swift */ = {isa = PBXFileReference; lastKnownFileType = sourcecode.swift; path = CreateEditViewController.swift; sourceTree = "<group>"; };
		6BED0CAB1F9F54BC00FF9B2F /* Base */ = {isa = PBXFileReference; lastKnownFileType = file.storyboard; name = Base; path = Base.lproj/Main.storyboard; sourceTree = "<group>"; };
		6BED0CAD1F9F54BC00FF9B2F /* Assets.xcassets */ = {isa = PBXFileReference; lastKnownFileType = folder.assetcatalog; path = Assets.xcassets; sourceTree = "<group>"; };
		6BED0CB01F9F54BD00FF9B2F /* Base */ = {isa = PBXFileReference; lastKnownFileType = file.storyboard; name = Base; path = Base.lproj/LaunchScreen.storyboard; sourceTree = "<group>"; };
		6BED0CB21F9F54BD00FF9B2F /* Info.plist */ = {isa = PBXFileReference; lastKnownFileType = text.plist.xml; path = Info.plist; sourceTree = "<group>"; };
		6BED0CB81F9F552500FF9B2F /* GoogleService-Info.plist */ = {isa = PBXFileReference; fileEncoding = 4; lastKnownFileType = text.plist.xml; path = "GoogleService-Info.plist"; sourceTree = "<group>"; };
		6BED0CBA1F9F7B1D00FF9B2F /* UIView+Border.swift */ = {isa = PBXFileReference; fileEncoding = 4; lastKnownFileType = sourcecode.swift; path = "UIView+Border.swift"; sourceTree = "<group>"; };
		6BED0CBC1F9F7F2800FF9B2F /* StorageManager.swift */ = {isa = PBXFileReference; fileEncoding = 4; lastKnownFileType = sourcecode.swift; path = StorageManager.swift; sourceTree = "<group>"; };
		6BED0CBD1F9F7F2900FF9B2F /* FirestoreManager.swift */ = {isa = PBXFileReference; fileEncoding = 4; lastKnownFileType = sourcecode.swift; path = FirestoreManager.swift; sourceTree = "<group>"; };
		6BED0CC01F9F7F8C00FF9B2F /* Section.swift */ = {isa = PBXFileReference; lastKnownFileType = sourcecode.swift; path = Section.swift; sourceTree = "<group>"; };
		6BED0CC21F9F805C00FF9B2F /* ViewController+Alerts.swift */ = {isa = PBXFileReference; fileEncoding = 4; lastKnownFileType = sourcecode.swift; path = "ViewController+Alerts.swift"; sourceTree = "<group>"; };
		6BED0CC41F9F8EC600FF9B2F /* Item.swift */ = {isa = PBXFileReference; fileEncoding = 4; lastKnownFileType = sourcecode.swift; path = Item.swift; sourceTree = "<group>"; };
		EC41932C3903F18B4FF7602F /* Pods-iOSImprooAdmin.debug.xcconfig */ = {isa = PBXFileReference; includeInIndex = 1; lastKnownFileType = text.xcconfig; name = "Pods-iOSImprooAdmin.debug.xcconfig"; path = "Pods/Target Support Files/Pods-iOSImprooAdmin/Pods-iOSImprooAdmin.debug.xcconfig"; sourceTree = "<group>"; };
/* End PBXFileReference section */

/* Begin PBXFrameworksBuildPhase section */
		6BED0CA01F9F54BC00FF9B2F /* Frameworks */ = {
			isa = PBXFrameworksBuildPhase;
			buildActionMask = 2147483647;
			files = (
				5E6D13206E4AF81592526415 /* Pods_iOSImprooAdmin.framework in Frameworks */,
			);
			runOnlyForDeploymentPostprocessing = 0;
		};
/* End PBXFrameworksBuildPhase section */

/* Begin PBXGroup section */
		4A188B7CF535ADAB15B4DFA4 /* Frameworks */ = {
			isa = PBXGroup;
			children = (
				105C14A54D786495A4523578 /* Pods_iOSImprooAdmin.framework */,
			);
			name = Frameworks;
			sourceTree = "<group>";
		};
		6B0583181FA7603E00204C62 /* Controllers */ = {
			isa = PBXGroup;
			children = (
				6B05831D1FA7634E00204C62 /* MainViewController.swift */,
				6BED0CA81F9F54BC00FF9B2F /* CreateEditViewController.swift */,
			);
			path = Controllers;
			sourceTree = "<group>";
		};
		6B0583191FA7604D00204C62 /* Extensions */ = {
			isa = PBXGroup;
			children = (
				6BED0CC21F9F805C00FF9B2F /* ViewController+Alerts.swift */,
				6BED0CBA1F9F7B1D00FF9B2F /* UIView+Border.swift */,
			);
			path = Extensions;
			sourceTree = "<group>";
		};
		6B05831A1FA7606700204C62 /* Model */ = {
			isa = PBXGroup;
			children = (
				6BED0CC41F9F8EC600FF9B2F /* Item.swift */,
				6BED0CC01F9F7F8C00FF9B2F /* Section.swift */,
			);
			path = Model;
			sourceTree = "<group>";
		};
		6B05831C1FA7607F00204C62 /* View */ = {
			isa = PBXGroup;
			children = (
				6BED0CAA1F9F54BC00FF9B2F /* Main.storyboard */,
				6BED0CAD1F9F54BC00FF9B2F /* Assets.xcassets */,
				6BED0CAF1F9F54BD00FF9B2F /* LaunchScreen.storyboard */,
			);
			path = View;
			sourceTree = "<group>";
		};
		6BED0C9A1F9F54BC00FF9B2F = {
			isa = PBXGroup;
			children = (
				6BED0CA51F9F54BC00FF9B2F /* iOSImprooAdmin */,
				6BED0CA41F9F54BC00FF9B2F /* Products */,
				E556C05DC3340164FA6F309B /* Pods */,
				4A188B7CF535ADAB15B4DFA4 /* Frameworks */,
			);
			sourceTree = "<group>";
		};
		6BED0CA41F9F54BC00FF9B2F /* Products */ = {
			isa = PBXGroup;
			children = (
				6BED0CA31F9F54BC00FF9B2F /* iOSImprooAdmin.app */,
			);
			name = Products;
			sourceTree = "<group>";
		};
		6BED0CA51F9F54BC00FF9B2F /* iOSImprooAdmin */ = {
			isa = PBXGroup;
			children = (
				6B05831A1FA7606700204C62 /* Model */,
				6B05831C1FA7607F00204C62 /* View */,
				6B0583181FA7603E00204C62 /* Controllers */,
				6B0583191FA7604D00204C62 /* Extensions */,
				6BED0CA61F9F54BC00FF9B2F /* AppDelegate.swift */,
				6B934B591FA229D400564818 /* ItemsTableViewManager.swift */,
				6BED0CBD1F9F7F2900FF9B2F /* FirestoreManager.swift */,
				6BED0CBC1F9F7F2800FF9B2F /* StorageManager.swift */,
				6BED0CB21F9F54BD00FF9B2F /* Info.plist */,
				6BED0CB81F9F552500FF9B2F /* GoogleService-Info.plist */,
			);
			path = iOSImprooAdmin;
			sourceTree = "<group>";
		};
		E556C05DC3340164FA6F309B /* Pods */ = {
			isa = PBXGroup;
			children = (
				EC41932C3903F18B4FF7602F /* Pods-iOSImprooAdmin.debug.xcconfig */,
				5D5290BA95708A0780DD62AB /* Pods-iOSImprooAdmin.release.xcconfig */,
			);
			name = Pods;
			sourceTree = "<group>";
		};
/* End PBXGroup section */

/* Begin PBXNativeTarget section */
		6BED0CA21F9F54BC00FF9B2F /* iOSImprooAdmin */ = {
			isa = PBXNativeTarget;
			buildConfigurationList = 6BED0CB51F9F54BD00FF9B2F /* Build configuration list for PBXNativeTarget "iOSImprooAdmin" */;
			buildPhases = (
				D2923ACFC7CDDCF1F6D46FE7 /* [CP] Check Pods Manifest.lock */,
				6BED0C9F1F9F54BC00FF9B2F /* Sources */,
				6BED0CA01F9F54BC00FF9B2F /* Frameworks */,
				6BED0CA11F9F54BC00FF9B2F /* Resources */,
				9835C6DE10AD8F6FACAEBDFC /* [CP] Embed Pods Frameworks */,
				6F5DEB52CE32C70D7239D799 /* [CP] Copy Pods Resources */,
			);
			buildRules = (
			);
			dependencies = (
			);
			name = iOSImprooAdmin;
			productName = iOSImprooAdmin;
			productReference = 6BED0CA31F9F54BC00FF9B2F /* iOSImprooAdmin.app */;
			productType = "com.apple.product-type.application";
		};
/* End PBXNativeTarget section */

/* Begin PBXProject section */
		6BED0C9B1F9F54BC00FF9B2F /* Project object */ = {
			isa = PBXProject;
			attributes = {
				LastSwiftUpdateCheck = 0900;
				LastUpgradeCheck = 0900;
				ORGANIZATIONNAME = "Zakhar Garan";
				TargetAttributes = {
					6BED0CA21F9F54BC00FF9B2F = {
						CreatedOnToolsVersion = 9.0.1;
						ProvisioningStyle = Automatic;
					};
				};
			};
			buildConfigurationList = 6BED0C9E1F9F54BC00FF9B2F /* Build configuration list for PBXProject "iOSImprooAdmin" */;
			compatibilityVersion = "Xcode 8.0";
			developmentRegion = en;
			hasScannedForEncodings = 0;
			knownRegions = (
				en,
				Base,
			);
			mainGroup = 6BED0C9A1F9F54BC00FF9B2F;
			productRefGroup = 6BED0CA41F9F54BC00FF9B2F /* Products */;
			projectDirPath = "";
			projectRoot = "";
			targets = (
				6BED0CA21F9F54BC00FF9B2F /* iOSImprooAdmin */,
			);
		};
/* End PBXProject section */

/* Begin PBXResourcesBuildPhase section */
		6BED0CA11F9F54BC00FF9B2F /* Resources */ = {
			isa = PBXResourcesBuildPhase;
			buildActionMask = 2147483647;
			files = (
				6BED0CB11F9F54BD00FF9B2F /* LaunchScreen.storyboard in Resources */,
				6BED0CB91F9F552600FF9B2F /* GoogleService-Info.plist in Resources */,
				6BED0CAE1F9F54BC00FF9B2F /* Assets.xcassets in Resources */,
				6BED0CAC1F9F54BC00FF9B2F /* Main.storyboard in Resources */,
			);
			runOnlyForDeploymentPostprocessing = 0;
		};
/* End PBXResourcesBuildPhase section */

/* Begin PBXShellScriptBuildPhase section */
		6F5DEB52CE32C70D7239D799 /* [CP] Copy Pods Resources */ = {
			isa = PBXShellScriptBuildPhase;
			buildActionMask = 2147483647;
			files = (
			);
			inputPaths = (
			);
			name = "[CP] Copy Pods Resources";
			outputPaths = (
			);
			runOnlyForDeploymentPostprocessing = 0;
			shellPath = /bin/sh;
			shellScript = "\"${SRCROOT}/Pods/Target Support Files/Pods-iOSImprooAdmin/Pods-iOSImprooAdmin-resources.sh\"\n";
			showEnvVarsInLog = 0;
		};
		9835C6DE10AD8F6FACAEBDFC /* [CP] Embed Pods Frameworks */ = {
			isa = PBXShellScriptBuildPhase;
			buildActionMask = 2147483647;
			files = (
			);
			inputPaths = (
			);
			name = "[CP] Embed Pods Frameworks";
			outputPaths = (
			);
			runOnlyForDeploymentPostprocessing = 0;
			shellPath = /bin/sh;
			shellScript = "\"${SRCROOT}/Pods/Target Support Files/Pods-iOSImprooAdmin/Pods-iOSImprooAdmin-frameworks.sh\"\n";
			showEnvVarsInLog = 0;
		};
		D2923ACFC7CDDCF1F6D46FE7 /* [CP] Check Pods Manifest.lock */ = {
			isa = PBXShellScriptBuildPhase;
			buildActionMask = 2147483647;
			files = (
			);
			inputPaths = (
			);
			name = "[CP] Check Pods Manifest.lock";
			outputPaths = (
			);
			runOnlyForDeploymentPostprocessing = 0;
			shellPath = /bin/sh;
			shellScript = "diff \"${PODS_PODFILE_DIR_PATH}/Podfile.lock\" \"${PODS_ROOT}/Manifest.lock\" > /dev/null\nif [ $? != 0 ] ; then\n    # print error to STDERR\n    echo \"error: The sandbox is not in sync with the Podfile.lock. Run 'pod install' or update your CocoaPods installation.\" >&2\n    exit 1\nfi\n";
			showEnvVarsInLog = 0;
		};
/* End PBXShellScriptBuildPhase section */

/* Begin PBXSourcesBuildPhase section */
		6BED0C9F1F9F54BC00FF9B2F /* Sources */ = {
			isa = PBXSourcesBuildPhase;
			buildActionMask = 2147483647;
			files = (
				6BED0CA91F9F54BC00FF9B2F /* CreateEditViewController.swift in Sources */,
				6BED0CC31F9F805C00FF9B2F /* ViewController+Alerts.swift in Sources */,
				6BED0CBF1F9F7F2A00FF9B2F /* FirestoreManager.swift in Sources */,
				6BED0CA71F9F54BC00FF9B2F /* AppDelegate.swift in Sources */,
				6BED0CC51F9F8EC600FF9B2F /* Item.swift in Sources */,
				6B934B5A1FA229D400564818 /* ItemsTableViewManager.swift in Sources */,
				6BED0CC11F9F7F8C00FF9B2F /* Section.swift in Sources */,
				6BED0CBB1F9F7B1D00FF9B2F /* UIView+Border.swift in Sources */,
				6BED0CBE1F9F7F2A00FF9B2F /* StorageManager.swift in Sources */,
				6B05831E1FA7634E00204C62 /* MainViewController.swift in Sources */,
			);
			runOnlyForDeploymentPostprocessing = 0;
		};
/* End PBXSourcesBuildPhase section */

/* Begin PBXVariantGroup section */
		6BED0CAA1F9F54BC00FF9B2F /* Main.storyboard */ = {
			isa = PBXVariantGroup;
			children = (
				6BED0CAB1F9F54BC00FF9B2F /* Base */,
			);
			name = Main.storyboard;
			sourceTree = "<group>";
		};
		6BED0CAF1F9F54BD00FF9B2F /* LaunchScreen.storyboard */ = {
			isa = PBXVariantGroup;
			children = (
				6BED0CB01F9F54BD00FF9B2F /* Base */,
			);
			name = LaunchScreen.storyboard;
			sourceTree = "<group>";
		};
/* End PBXVariantGroup section */

/* Begin XCBuildConfiguration section */
		6BED0CB31F9F54BD00FF9B2F /* Debug */ = {
			isa = XCBuildConfiguration;
			buildSettings = {
				ALWAYS_SEARCH_USER_PATHS = NO;
				CLANG_ANALYZER_NONNULL = YES;
				CLANG_ANALYZER_NUMBER_OBJECT_CONVERSION = YES_AGGRESSIVE;
				CLANG_CXX_LANGUAGE_STANDARD = "gnu++14";
				CLANG_CXX_LIBRARY = "libc++";
				CLANG_ENABLE_MODULES = YES;
				CLANG_ENABLE_OBJC_ARC = YES;
				CLANG_WARN_BLOCK_CAPTURE_AUTORELEASING = YES;
				CLANG_WARN_BOOL_CONVERSION = YES;
				CLANG_WARN_COMMA = YES;
				CLANG_WARN_CONSTANT_CONVERSION = YES;
				CLANG_WARN_DIRECT_OBJC_ISA_USAGE = YES_ERROR;
				CLANG_WARN_DOCUMENTATION_COMMENTS = YES;
				CLANG_WARN_EMPTY_BODY = YES;
				CLANG_WARN_ENUM_CONVERSION = YES;
				CLANG_WARN_INFINITE_RECURSION = YES;
				CLANG_WARN_INT_CONVERSION = YES;
				CLANG_WARN_NON_LITERAL_NULL_CONVERSION = YES;
				CLANG_WARN_OBJC_LITERAL_CONVERSION = YES;
				CLANG_WARN_OBJC_ROOT_CLASS = YES_ERROR;
				CLANG_WARN_RANGE_LOOP_ANALYSIS = YES;
				CLANG_WARN_STRICT_PROTOTYPES = YES;
				CLANG_WARN_SUSPICIOUS_MOVE = YES;
				CLANG_WARN_UNGUARDED_AVAILABILITY = YES_AGGRESSIVE;
				CLANG_WARN_UNREACHABLE_CODE = YES;
				CLANG_WARN__DUPLICATE_METHOD_MATCH = YES;
				CODE_SIGN_IDENTITY = "iPhone Developer";
				COPY_PHASE_STRIP = NO;
				DEBUG_INFORMATION_FORMAT = dwarf;
				ENABLE_STRICT_OBJC_MSGSEND = YES;
				ENABLE_TESTABILITY = YES;
				GCC_C_LANGUAGE_STANDARD = gnu11;
				GCC_DYNAMIC_NO_PIC = NO;
				GCC_NO_COMMON_BLOCKS = YES;
				GCC_OPTIMIZATION_LEVEL = 0;
				GCC_PREPROCESSOR_DEFINITIONS = (
					"DEBUG=1",
					"$(inherited)",
				);
				GCC_WARN_64_TO_32_BIT_CONVERSION = YES;
				GCC_WARN_ABOUT_RETURN_TYPE = YES_ERROR;
				GCC_WARN_UNDECLARED_SELECTOR = YES;
				GCC_WARN_UNINITIALIZED_AUTOS = YES_AGGRESSIVE;
				GCC_WARN_UNUSED_FUNCTION = YES;
				GCC_WARN_UNUSED_VARIABLE = YES;
				IPHONEOS_DEPLOYMENT_TARGET = 11.0;
				MTL_ENABLE_DEBUG_INFO = YES;
				ONLY_ACTIVE_ARCH = YES;
				SDKROOT = iphoneos;
				SWIFT_ACTIVE_COMPILATION_CONDITIONS = DEBUG;
				SWIFT_OPTIMIZATION_LEVEL = "-Onone";
			};
			name = Debug;
		};
		6BED0CB41F9F54BD00FF9B2F /* Release */ = {
			isa = XCBuildConfiguration;
			buildSettings = {
				ALWAYS_SEARCH_USER_PATHS = NO;
				CLANG_ANALYZER_NONNULL = YES;
				CLANG_ANALYZER_NUMBER_OBJECT_CONVERSION = YES_AGGRESSIVE;
				CLANG_CXX_LANGUAGE_STANDARD = "gnu++14";
				CLANG_CXX_LIBRARY = "libc++";
				CLANG_ENABLE_MODULES = YES;
				CLANG_ENABLE_OBJC_ARC = YES;
				CLANG_WARN_BLOCK_CAPTURE_AUTORELEASING = YES;
				CLANG_WARN_BOOL_CONVERSION = YES;
				CLANG_WARN_COMMA = YES;
				CLANG_WARN_CONSTANT_CONVERSION = YES;
				CLANG_WARN_DIRECT_OBJC_ISA_USAGE = YES_ERROR;
				CLANG_WARN_DOCUMENTATION_COMMENTS = YES;
				CLANG_WARN_EMPTY_BODY = YES;
				CLANG_WARN_ENUM_CONVERSION = YES;
				CLANG_WARN_INFINITE_RECURSION = YES;
				CLANG_WARN_INT_CONVERSION = YES;
				CLANG_WARN_NON_LITERAL_NULL_CONVERSION = YES;
				CLANG_WARN_OBJC_LITERAL_CONVERSION = YES;
				CLANG_WARN_OBJC_ROOT_CLASS = YES_ERROR;
				CLANG_WARN_RANGE_LOOP_ANALYSIS = YES;
				CLANG_WARN_STRICT_PROTOTYPES = YES;
				CLANG_WARN_SUSPICIOUS_MOVE = YES;
				CLANG_WARN_UNGUARDED_AVAILABILITY = YES_AGGRESSIVE;
				CLANG_WARN_UNREACHABLE_CODE = YES;
				CLANG_WARN__DUPLICATE_METHOD_MATCH = YES;
				CODE_SIGN_IDENTITY = "iPhone Developer";
				COPY_PHASE_STRIP = NO;
				DEBUG_INFORMATION_FORMAT = "dwarf-with-dsym";
				ENABLE_NS_ASSERTIONS = NO;
				ENABLE_STRICT_OBJC_MSGSEND = YES;
				GCC_C_LANGUAGE_STANDARD = gnu11;
				GCC_NO_COMMON_BLOCKS = YES;
				GCC_WARN_64_TO_32_BIT_CONVERSION = YES;
				GCC_WARN_ABOUT_RETURN_TYPE = YES_ERROR;
				GCC_WARN_UNDECLARED_SELECTOR = YES;
				GCC_WARN_UNINITIALIZED_AUTOS = YES_AGGRESSIVE;
				GCC_WARN_UNUSED_FUNCTION = YES;
				GCC_WARN_UNUSED_VARIABLE = YES;
				IPHONEOS_DEPLOYMENT_TARGET = 11.0;
				MTL_ENABLE_DEBUG_INFO = NO;
				SDKROOT = iphoneos;
				SWIFT_OPTIMIZATION_LEVEL = "-Owholemodule";
				VALIDATE_PRODUCT = YES;
			};
			name = Release;
		};
		6BED0CB61F9F54BD00FF9B2F /* Debug */ = {
			isa = XCBuildConfiguration;
			baseConfigurationReference = EC41932C3903F18B4FF7602F /* Pods-iOSImprooAdmin.debug.xcconfig */;
			buildSettings = {
				ASSETCATALOG_COMPILER_APPICON_NAME = AppIcon;
				CODE_SIGN_STYLE = Automatic;
				DEVELOPMENT_TEAM = MW9E4VSH8R;
				INFOPLIST_FILE = iOSImprooAdmin/Info.plist;
				LD_RUNPATH_SEARCH_PATHS = "$(inherited) @executable_path/Frameworks";
				PRODUCT_BUNDLE_IDENTIFIER = GaranZZ.iOSImprooAdmin;
				PRODUCT_NAME = "$(TARGET_NAME)";
				SWIFT_VERSION = 4.0;
				TARGETED_DEVICE_FAMILY = 2;
			};
			name = Debug;
		};
		6BED0CB71F9F54BD00FF9B2F /* Release */ = {
			isa = XCBuildConfiguration;
			baseConfigurationReference = 5D5290BA95708A0780DD62AB /* Pods-iOSImprooAdmin.release.xcconfig */;
			buildSettings = {
				ASSETCATALOG_COMPILER_APPICON_NAME = AppIcon;
				CODE_SIGN_STYLE = Automatic;
				DEVELOPMENT_TEAM = MW9E4VSH8R;
				INFOPLIST_FILE = iOSImprooAdmin/Info.plist;
				LD_RUNPATH_SEARCH_PATHS = "$(inherited) @executable_path/Frameworks";
				PRODUCT_BUNDLE_IDENTIFIER = GaranZZ.iOSImprooAdmin;
				PRODUCT_NAME = "$(TARGET_NAME)";
				SWIFT_VERSION = 4.0;
				TARGETED_DEVICE_FAMILY = 2;
			};
			name = Release;
		};
/* End XCBuildConfiguration section */

/* Begin XCConfigurationList section */
		6BED0C9E1F9F54BC00FF9B2F /* Build configuration list for PBXProject "iOSImprooAdmin" */ = {
			isa = XCConfigurationList;
			buildConfigurations = (
				6BED0CB31F9F54BD00FF9B2F /* Debug */,
				6BED0CB41F9F54BD00FF9B2F /* Release */,
			);
			defaultConfigurationIsVisible = 0;
			defaultConfigurationName = Release;
		};
		6BED0CB51F9F54BD00FF9B2F /* Build configuration list for PBXNativeTarget "iOSImprooAdmin" */ = {
			isa = XCConfigurationList;
			buildConfigurations = (
				6BED0CB61F9F54BD00FF9B2F /* Debug */,
				6BED0CB71F9F54BD00FF9B2F /* Release */,
			);
			defaultConfigurationIsVisible = 0;
			defaultConfigurationName = Release;
		};
/* End XCConfigurationList section */
	};
	rootObject = 6BED0C9B1F9F54BC00FF9B2F /* Project object */;
}
